
Microsoft Visual Studio Solution File, Format Version 12.00
# Visual Studio Version 17
VisualStudioVersion = 17.0.31903.59
MinimumVisualStudioVersion = 10.0.40219.1
Project("{FAE04EC0-301F-11D3-BF4B-00C04F79EFBC}") = "WTech.API", "src\WTech.API\WTech.API.csproj", "{20EEDAD4-5EB2-4399-8FB7-83207523687C}"
EndProject
Global
	GlobalSection(SolutionConfigurationPlatforms) = preSolution
		Debug|Any CPU = Debug|Any CPU
		Release|Any CPU = Release|Any CPU
	EndGlobalSection
	GlobalSection(SolutionProperties) = preSolution
		HideSolutionNode = FALSE
	EndGlobalSection
	GlobalSection(ProjectConfigurationPlatforms) = postSolution
		{20EEDAD4-5EB2-4399-8FB7-83207523687C}.Debug|Any CPU.ActiveCfg = Debug|Any CPU
		{20EEDAD4-5EB2-4399-8FB7-83207523687C}.Debug|Any CPU.Build.0 = Debug|Any CPU
		{20EEDAD4-5EB2-4399-8FB7-83207523687C}.Release|Any CPU.ActiveCfg = Release|Any CPU
		{20EEDAD4-5EB2-4399-8FB7-83207523687C}.Release|Any CPU.Build.0 = Release|Any CPU
	EndGlobalSection
EndGlobal
