{
  "version": 4,
  "terraform_version": "1.5.2",
  "serial": 15,
  "lineage": "6997eb70-2004-fd71-cc2b-49fa61a649ba",
  "outputs": {},
  "resources": [
    {
      "module": "module.argocd",
      "mode": "managed",
      "type": "helm_release",
      "name": "argocd",
      "provider": "provider[\"registry.terraform.io/hashicorp/helm\"]",
      "instances": [
        {
          "schema_version": 2,
          "attributes": {
            "atomic": false,
            "chart": "argo-cd",
            "cleanup_on_fail": false,
            "create_namespace": false,
            "dependency_update": false,
            "description": null,
            "devel": null,
            "disable_crd_hooks": false,
            "disable_openapi_validation": false,
            "disable_webhooks": false,
            "force_update": false,
            "id": "argocd",
            "keyring": null,
            "lint": false,
            "manifest": null,
            "max_history": 0,
            "metadata": {
              "app_version": "v3.4.4",
              "chart": "argo-cd",
              "first_deployed": 1782585880,
              "last_deployed": 1782585880,
              "name": "argocd",
              "namespace": "default",
              "notes": "\nIn order to access the server UI you have the following options:\n\n1. kubectl port-forward service/argocd-server -n default 8080:443\n\n    and then open the browser on http://localhost:8080 and accept the certificate\n\n2. enable ingress in the values file `server.ingress.enabled` and either\n      - Add the annotation for ssl passthrough: https://argo-cd.readthedocs.io/en/stable/operator-manual/ingress/#option-1-ssl-passthrough\n      - Set the `configs.params.\"server.insecure\"` in the values file and terminate SSL at your ingress: https://argo-cd.readthedocs.io/en/stable/operator-manual/ingress/#option-2-multiple-ingress-objects-and-hosts\n\n\nAfter reaching the UI the first time you can login with username: admin and the random password generated during the installation. You can find the password by running:\n\nkubectl -n default get secret argocd-initial-admin-secret -o jsonpath=\"{.data.password}\" | base64 -d\n\n(You should delete the initial secret afterwards as suggested by the Getting Started Guide: https://argo-cd.readthedocs.io/en/stable/getting_started/#4-login-using-the-cli)\n",
              "revision": 1,
              "values": "{\"configs\":{\"params\":{\"server.repo.server.tls.client.skip.verify\":true}},\"controller\":{\"replicas\":1},\"server\":{\"replicas\":1}}",
              "version": "10.0.0"
            },
            "name": "argocd",
            "namespace": "default",
            "pass_credentials": false,
            "postrender": null,
            "recreate_pods": false,
            "render_subchart_notes": true,
            "replace": false,
            "repository": "https://argoproj.github.io/argo-helm",
            "repository_ca_file": null,
            "repository_cert_file": null,
            "repository_key_file": null,
            "repository_password": null,
            "repository_username": null,
            "reset_values": false,
            "resources": null,
            "reuse_values": false,
            "set": null,
            "set_list": null,
            "set_sensitive": null,
            "set_wo": null,
            "set_wo_revision": null,
            "skip_crds": false,
            "status": "deployed",
            "take_ownership": false,
            "timeout": 300,
            "timeouts": null,
            "upgrade_install": false,
            "values": [
              "# Default Argo CD values\ncontroller:\n  replicas: 1\n\nserver:\n  replicas: 1\n\nconfigs:\n  params:\n    # Allow all repositories for gitops operations\n    server.repo.server.tls.client.skip.verify: true"
            ],
            "verify": false,
            "version": "10.0.0",
            "wait": true,
            "wait_for_jobs": false
          },
          "sensitive_attributes": []
        }
      ]
    },
    {
      "module": "module.prometheus",
      "mode": "managed",
      "type": "helm_release",
      "name": "prometheus",
      "provider": "provider[\"registry.terraform.io/hashicorp/helm\"]",
      "instances": [
        {
          "schema_version": 2,
          "attributes": {
            "atomic": false,
            "chart": "prometheus",
            "cleanup_on_fail": false,
            "create_namespace": false,
            "dependency_update": false,
            "description": null,
            "devel": null,
            "disable_crd_hooks": false,
            "disable_openapi_validation": false,
            "disable_webhooks": false,
            "force_update": false,
            "id": "prometheus",
            "keyring": null,
            "lint": false,
            "manifest": null,
            "max_history": 0,
            "metadata": {
              "app_version": "2.31.1",
              "chart": "prometheus",
              "first_deployed": 1782585006,
              "last_deployed": 1782585006,
              "name": "prometheus",
              "namespace": "default",
              "notes": "kube-state-metrics is a simple service that listens to the Kubernetes API server and generates metrics about the state of the objects.\nThe exposed metrics can be found here:\nhttps://github.com/kubernetes/kube-state-metrics/blob/master/docs/README.md#exposed-metrics\n\nThe metrics are exported on the HTTP endpoint /metrics on the listening port.\nIn your case, prometheus-kube-state-metrics.default.svc.cluster.local:8080/metrics\n\nThey are served either as plaintext or protobuf depending on the Accept header.\nThey are designed to be consumed either by Prometheus itself or by a scraper that is compatible with scraping a Prometheus client endpoint.\n\n\nThe Prometheus server can be accessed via port 80 on the following DNS name from within your cluster:\nprometheus-server.default.svc.cluster.local\n\n\nGet the Prometheus server URL by running these commands in the same shell:\n  export POD_NAME=$(kubectl get pods --namespace default -l \"app=prometheus,component=server\" -o jsonpath=\"{.items[0].metadata.name}\")\n  kubectl --namespace default port-forward $POD_NAME 9090\n\n\nThe Prometheus alertmanager can be accessed via port 80 on the following DNS name from within your cluster:\nprometheus-alertmanager.default.svc.cluster.local\n\n\nGet the Alertmanager URL by running these commands in the same shell:\n  export POD_NAME=$(kubectl get pods --namespace default -l \"app=prometheus,component=alertmanager\" -o jsonpath=\"{.items[0].metadata.name}\")\n  kubectl --namespace default port-forward $POD_NAME 9093\n#################################################################################\n######   WARNING: Pod Security Policy has been moved to a global property.  #####\n######            use .Values.podSecurityPolicy.enabled with pod-based      #####\n######            annotations                                               #####\n######            (e.g. .Values.nodeExporter.podSecurityPolicy.annotations) #####\n#################################################################################\n\n\nThe Prometheus PushGateway can be accessed via port 9091 on the following DNS name from within your cluster:\nprometheus-pushgateway.default.svc.cluster.local\n\n\nGet the PushGateway URL by running these commands in the same shell:\n  export POD_NAME=$(kubectl get pods --namespace default -l \"app=prometheus,component=pushgateway\" -o jsonpath=\"{.items[0].metadata.name}\")\n  kubectl --namespace default port-forward $POD_NAME 9091\n\nFor more information on running Prometheus, visit:\nhttps://prometheus.io/\n",
              "revision": 1,
              "values": "{\"service\":{\"nodePort\":30900,\"type\":\"NodePort\"}}",
              "version": "15.0.1"
            },
            "name": "prometheus",
            "namespace": "default",
            "pass_credentials": false,
            "postrender": null,
            "recreate_pods": false,
            "render_subchart_notes": true,
            "replace": false,
            "repository": "https://prometheus-community.github.io/helm-charts",
            "repository_ca_file": null,
            "repository_cert_file": null,
            "repository_key_file": null,
            "repository_password": null,
            "repository_username": null,
            "reset_values": false,
            "resources": null,
            "reuse_values": false,
            "set": null,
            "set_list": null,
            "set_sensitive": null,
            "set_wo": null,
            "set_wo_revision": null,
            "skip_crds": false,
            "status": "deployed",
            "take_ownership": false,
            "timeout": 300,
            "timeouts": null,
            "upgrade_install": false,
            "values": [
              "service:\n  type: NodePort\n  nodePort: 30900"
            ],
            "verify": false,
            "version": "15.0.1",
            "wait": true,
            "wait_for_jobs": false
          },
          "sensitive_attributes": []
        }
      ]
    }
  ],
  "check_results": null
}
