{
  "version": 2,
  "dependencies": {
    "net8.0": {
      "Microsoft.AspNetCore.OpenApi": {
        "type": "Direct",
        "requested": "[8.0.23, )",
        "resolved": "8.0.23",
        "contentHash": "Iaix/+h95NaGXml1J+thXClaLhCYh+XHFEC1N/vqlMrITJQ51Bjh6ReKsW/JRIrMfq5KL3kW/rvZlXIu1w9iLg==",
        "dependencies": {
          "Microsoft.OpenApi": "1.4.3"
        }
      },
      "Swashbuckle.AspNetCore": {
        "type": "Direct",
        "requested": "[10.1.2, )",
        "resolved": "10.1.2",
        "contentHash": "txDJi7w/didFl/kIlTaA+FfzaJvZaXXZMejfxhJRK/CZdG8PrJcW1xquUuyLN0zNTpU5K0mm0U19B0/P5xiNOA==",
        "dependencies": {
          "Microsoft.Extensions.ApiDescription.Server": "8.0.0",
          "Swashbuckle.AspNetCore.Swagger": "10.1.2",
          "Swashbuckle.AspNetCore.SwaggerGen": "10.1.2",
          "Swashbuckle.AspNetCore.SwaggerUI": "10.1.2"
        }
      },
      "Microsoft.Extensions.ApiDescription.Server": {
        "type": "Transitive",
        "resolved": "8.0.0",
        "contentHash": "jDM3a95WerM8g6IcMiBXq1qRS9dqmEUpgnCk2DeMWpPkYtp1ia+CkXabOnK93JmhVlUmv8l9WMPsCSUm+WqkIA=="
      },
      "Microsoft.OpenApi": {
        "type": "Transitive",
        "resolved": "2.4.1",
        "contentHash": "u7QhXCISMQuab3flasb1hoaiERmUqyWsW7tmQODyILoQ7mJV5IRGM+2KKZYo0QUfC13evEOcHAb6TPWgqEQtrw==",
        "dependencies": {
          "System.Text.Json": "8.0.5"
        }
      },
      "Swashbuckle.AspNetCore.Swagger": {
        "type": "Transitive",
        "resolved": "10.1.2",
        "contentHash": "CvIeWbEJ+pogj601pptQYzz3poZhS8/mk/vFozRQ74JckT3WWLGX1mFjNwNVdJOERf4Lk/clbFqfRG4WEvDGcw==",
        "dependencies": {
          "Microsoft.OpenApi": "2.4.1"
        }
      },
      "Swashbuckle.AspNetCore.SwaggerGen": {
        "type": "Transitive",
        "resolved": "10.1.2",
        "contentHash": "/gcOooF1cfmdvYU6wFiPB9On5CMUp2P/jrt2EFEoSG0p0xSALBdWoWy3eNHVmzXUlVHaGAg5PHFC6e8C+tVpWw==",
        "dependencies": {
          "Swashbuckle.AspNetCore.Swagger": "10.1.2"
        }
      },
      "Swashbuckle.AspNetCore.SwaggerUI": {
        "type": "Transitive",
        "resolved": "10.1.2",
        "contentHash": "Zzam+F/g3jpGvSLhqdtOoBe+GEABk+oi9LJxun1wrz52/254sSGWkz1P+U1dDifsXJWVdZusiRuDWLXkJW+7Eg=="
      },
      "System.Text.Json": {
        "type": "Transitive",
        "resolved": "8.0.5",
        "contentHash": "0f1B50Ss7rqxXiaBJyzUu9bWFOO2/zSlifZ/UNMdiIpDYe4cY4LQQicP4nirK1OS31I43rn062UIJ1Q9bpmHpg=="
      }
    }
  }
}